
Microsoft Visual Studio Solution File, Format Version 12.00
# Visual Studio 15
VisualStudioVersion = 15.0.27130.2027
MinimumVisualStudioVersion = 10.0.40219.1
Project("{FAE04EC0-301F-11D3-BF4B-00C04F79EFBC}") = "Invaders3", "Invaders3\Invaders3.csproj", "{A63A70A7-CBB2-4BEF-8168-3EF11B9C35A2}"
EndProject
Global
	GlobalSection(SolutionConfigurationPlatforms) = preSolution
		Debug|Any CPU = Debug|Any CPU
		Release|Any CPU = Release|Any CPU
	EndGlobalSection
	GlobalSection(ProjectConfigurationPlatforms) = postSolution
		{A63A70A7-CBB2-4BEF-8168-3EF11B9C35A2}.Debug|Any CPU.ActiveCfg = Debug|Any CPU
		{A63A70A7-CBB2-4BEF-8168-3EF11B9C35A2}.Debug|Any CPU.Build.0 = Debug|Any CPU
		{A63A70A7-CBB2-4BEF-8168-3EF11B9C35A2}.Release|Any CPU.ActiveCfg = Release|Any CPU
		{A63A70A7-CBB2-4BEF-8168-3EF11B9C35A2}.Release|Any CPU.Build.0 = Release|Any CPU
	EndGlobalSection
	GlobalSection(SolutionProperties) = preSolution
		HideSolutionNode = FALSE
	EndGlobalSection
	GlobalSection(ExtensibilityGlobals) = postSolution
		SolutionGuid = {96EBC962-16E7-4D8C-A6F1-53ACA250B0AF}
	EndGlobalSection
EndGlobal
